
Microsoft Visual Studio Solution File, Format Version 12.00
# Visual Studio 15
VisualStudioVersion = 15.0.27703.2026
MinimumVisualStudioVersion = 10.0.40219.1
Project("{FAE04EC0-301F-11D3-BF4B-00C04F79EFBC}") = "Task2", "Task2\Task2.csproj", "{AB868489-00DD-4FCF-92A2-396783FB46F1}"
EndProject
Global
	GlobalSection(SolutionConfigurationPlatforms) = preSolution
		Debug|Any CPU = Debug|Any CPU
		Release|Any CPU = Release|Any CPU
	EndGlobalSection
	GlobalSection(ProjectConfigurationPlatforms) = postSolution
		{AB868489-00DD-4FCF-92A2-396783FB46F1}.Debug|Any CPU.ActiveCfg = Debug|Any CPU
		{AB868489-00DD-4FCF-92A2-396783FB46F1}.Debug|Any CPU.Build.0 = Debug|Any CPU
		{AB868489-00DD-4FCF-92A2-396783FB46F1}.Release|Any CPU.ActiveCfg = Release|Any CPU
		{AB868489-00DD-4FCF-92A2-396783FB46F1}.Release|Any CPU.Build.0 = Release|Any CPU
	EndGlobalSection
	GlobalSection(SolutionProperties) = preSolution
		HideSolutionNode = FALSE
	EndGlobalSection
	GlobalSection(ExtensibilityGlobals) = postSolution
		SolutionGuid = {8472DD38-0A61-4907-B5FA-09313ABC356A}
	EndGlobalSection
EndGlobal
